<?xml version="1.0" encoding="UTF-8" standalone="yes" ?>
<CodeBlocks_project_file>
	<FileVersion major="1" minor="6" />
	<Project>
		<Option title="Framework2D" />
		<Option pch_mode="2" />
		<Option compiler="gcc" />
		<Build>
			<Target title="Debug">
				<Option output="bin\Debug\Framework2D" prefix_auto="1" extension_auto="1" />
				<Option object_output="obj\Debug\" />
				<Option external_deps="bin\Debug\libBox2D.a;" />
				<Option type="1" />
				<Option compiler="gcc" />
				<Compiler>
					<Add option="-g" />
				</Compiler>
				<Linker>
					<Add library="bin\Debug\libBox2D.a" />
				</Linker>
			</Target>
			<Target title="Release">
				<Option output="bin\Release\Framework2D" prefix_auto="1" extension_auto="1" />
				<Option object_output="obj\Release\" />
				<Option external_deps="bin\Release\libBox2D.a;" />
				<Option type="1" />
				<Option compiler="gcc" />
				<Compiler>
					<Add option="-O2" />
				</Compiler>
				<Linker>
					<Add option="-s" />
					<Add library="bin\Release\libBox2D.a" />
				</Linker>
			</Target>
		</Build>
		<Compiler>
			<Add option="-Wall" />
			<Add option="-fpermissive" />
			<Add directory="." />
			<Add directory="E:\Users\Alasdair\Documents\include" />
		</Compiler>
		<Linker>
			<Add option="-lSDL" />
			<Add option="-lopengl32" />
			<Add option="-lglu32" />
			<Add directory="E:\Users\Alasdair\Documents\lib" />
		</Linker>
		<Unit filename="Entities\AllEntities.h" />
		<Unit filename="Entities\Entity.cpp" />
		<Unit filename="Entities\Entity.h" />
		<Unit filename="Entities\EntityFactory.cpp" />
		<Unit filename="Entities\EntityFactory.h" />
		<Unit filename="Entities\Player.cpp" />
		<Unit filename="Entities\Player.h" />
		<Unit filename="Game.cpp" />
		<Unit filename="Game.h" />
		<Unit filename="Graphics\Camera.cpp" />
		<Unit filename="Graphics\Camera.h" />
		<Unit filename="Graphics\Contexts\TextureContext.cpp" />
		<Unit filename="Graphics\Contexts\TextureContext.h" />
		<Unit filename="Graphics\GLee.c">
			<Option compilerVar="CC" />
		</Unit>
		<Unit filename="Graphics\GraphicalContentManager.cpp" />
		<Unit filename="Graphics\GraphicalContentManager.h" />
		<Unit filename="Graphics\GraphicsManager.cpp" />
		<Unit filename="Graphics\GraphicsManager.h" />
		<Unit filename="Graphics\Skins\AllSkins.h" />
		<Unit filename="Graphics\Skins\Skin.cpp" />
		<Unit filename="Graphics\Skins\Skin.h" />
		<Unit filename="Graphics\Skins\StaticSkin.cpp" />
		<Unit filename="Graphics\Skins\StaticSkin.h" />
		<Unit filename="Input\EventListener.cpp" />
		<Unit filename="Input\EventListener.h" />
		<Unit filename="Input\InputManager.cpp" />
		<Unit filename="Input\InputManager.h" />
		<Unit filename="Physics\PhysicsManager.cpp" />
		<Unit filename="Physics\PhysicsManager.h" />
		<Unit filename="Types\Doubles.h" />
		<Unit filename="Types\FastVector.h" />
		<Unit filename="Types\List.h" />
		<Unit filename="Types\Mat3x3f.cpp" />
		<Unit filename="Types\Mat3x3f.h" />
		<Unit filename="Types\Mat4x4f.cpp" />
		<Unit filename="Types\Mat4x4f.h" />
		<Unit filename="Types\MultiString.cpp" />
		<Unit filename="Types\MultiString.h" />
		<Unit filename="Types\MyQueue.h" />
		<Unit filename="Types\MyStack.h" />
		<Unit filename="Types\MyVector.h" />
		<Unit filename="Types\Vec2f.cpp" />
		<Unit filename="Types\Vec2f.h" />
		<Unit filename="Types\Vec2i.cpp" />
		<Unit filename="Types\Vec2i.h" />
		<Unit filename="Types\Vec3f.cpp" />
		<Unit filename="Types\Vec3f.h" />
		<Unit filename="main.cpp" />
		<Extensions>
			<code_completion />
			<envvars />
			<debugger />
			<lib_finder disable_auto="1" />
		</Extensions>
	</Project>
</CodeBlocks_project_file>
