<?xml version="1.0" encoding="UTF-8" standalone="yes" ?>
<CodeBlocks_project_file>
	<FileVersion major="1" minor="6" />
	<Project>
		<Option title="Framework2D" />
		<Option pch_mode="2" />
		<Option compiler="gcc" />
		<Build>
			<Target title="Debug">
				<Option output="bin/Debug/Framework2D" prefix_auto="1" extension_auto="1" />
				<Option object_output="obj/Debug/" />
				<Option external_deps="bin/Debug/libBox2D.a;" />
				<Option type="1" />
				<Option compiler="gcc" />
				<Compiler>
					<Add option="-std=c++0x" />
					<Add option="-g" />
				</Compiler>
				<Linker>
					<Add option="-lSDL" />
					<Add option="-lGL" />
					<Add option="-lGLU" />
					<Add option="-lCEGUIBase" />
					<Add option="-lCEGUIOpenGLRenderer" />
					<Add library="bin/Debug/libBox2D.a" />
				</Linker>
			</Target>
			<Target title="Release">
				<Option output="bin/Release/Framework2D" prefix_auto="1" extension_auto="1" />
				<Option object_output="obj/Release/" />
				<Option external_deps="bin/Release/libBox2D.a;" />
				<Option type="1" />
				<Option compiler="gcc" />
				<Compiler>
					<Add option="-O2" />
					<Add option="-std=c++0x" />
				</Compiler>
				<Linker>
					<Add option="-s" />
					<Add option="-lSDL" />
					<Add option="-lGL" />
					<Add option="-lGLU" />
					<Add option="-lCEGUIBase" />
					<Add option="-lCEGUIOpenGLRenderer" />
					<Add library="bin/Release/libBox2D.a" />
				</Linker>
			</Target>
			<Target title="Debug win32">
				<Option output="bin/Debug/Framework2D" prefix_auto="1" extension_auto="1" />
				<Option object_output="obj/Debug/" />
				<Option external_deps="bin/Debug/libBox2D.a;" />
				<Option type="1" />
				<Option compiler="gcc" />
				<Compiler>
					<Add option="-g" />
					<Add directory="." />
					<Add directory="E:/Users/Alasdair/Documents/include" />
				</Compiler>
				<Linker>
					<Add option="-lSDL" />
					<Add option="-lopengl32" />
					<Add option="-lglu32" />
					<Add library="bin/Debug/libBox2D.a" />
				</Linker>
			</Target>
			<Target title="Release win32">
				<Option output="bin/Release/Framework2D" prefix_auto="1" extension_auto="1" />
				<Option object_output="obj/Release/" />
				<Option external_deps="bin/Release/libBox2D.a;" />
				<Option type="1" />
				<Option compiler="gcc" />
				<Compiler>
					<Add option="-O2" />
					<Add directory="." />
					<Add directory="E:/Users/Alasdair/Documents/include" />
				</Compiler>
				<Linker>
					<Add option="-s" />
					<Add option="-lSDL" />
					<Add option="-lopengl32" />
					<Add option="-lglu32" />
					<Add library="bin/Release/libBox2D.a" />
				</Linker>
			</Target>
			<Target title="Profile win32">
				<Option output="bin/Debug/Framework2D" prefix_auto="1" extension_auto="1" />
				<Option object_output="obj/Debug/" />
				<Option external_deps="bin/Debug/libBox2D.a;" />
				<Option type="1" />
				<Option compiler="gcc" />
				<Compiler>
					<Add option="-pg" />
					<Add option="-g" />
					<Add directory="." />
					<Add directory="E:/Users/Alasdair/Documents/include" />
				</Compiler>
				<Linker>
					<Add option="-pg" />
					<Add option="-pg -lgmon" />
					<Add option="-lSDL" />
					<Add option="-lopengl32" />
					<Add option="-lglu32" />
					<Add library="bin/Debug/libBox2D.a" />
				</Linker>
			</Target>
		</Build>
		<Compiler>
			<Add option="-Winit-self" />
			<Add option="-Wcast-align" />
			<Add option="-Wundef" />
			<Add option="-Winline" />
			<Add option="-Wmissing-include-dirs" />
			<Add option="-Wswitch-enum" />
			<Add option="-std=c++0x" />
			<Add option="-Wall" />
			<Add option="-fpermissive" />
			<Add directory="." />
		</Compiler>
		<Linker>
			<Add directory="E:/Users/Alasdair/Documents/lib" />
		</Linker>
		<Unit filename="AI/AIManager.cpp" />
		<Unit filename="AI/AIManager.h" />
		<Unit filename="AI/AllBrains.h" />
		<Unit filename="AI/Brain.cpp" />
		<Unit filename="AI/Brain.h" />
		<Unit filename="AI/BrainFactory.cpp" />
		<Unit filename="AI/BrainFactory.h" />
		<Unit filename="AI/BrainFactory/AllBrainFactories.h" />
		<Unit filename="AI/BrainFactory/PlayerInputBrainFactory.cpp" />
		<Unit filename="AI/BrainFactory/PlayerInputBrainFactory.h" />
		<Unit filename="AI/CharacterController.cpp" />
		<Unit filename="AI/CharacterController.h" />
		<Unit filename="AI/CharacterControllerFactory/WheelControllerFactory.cpp" />
		<Unit filename="AI/CharacterControllerFactory/WheelControllerFactory.h" />
		<Unit filename="AI/CharacterControllers/WheelCharacterController.cpp" />
		<Unit filename="AI/CharacterControllers/WheelCharacterController.h" />
		<Unit filename="AI/PathGeneration/PathGraph.cpp" />
		<Unit filename="AI/PathGeneration/PathGraph.h" />
		<Unit filename="AI/PathGeneration/PathNodeDynamic.cpp" />
		<Unit filename="AI/PathGeneration/PathNodeDynamic.h" />
		<Unit filename="AI/PathGeneration/PathSegment.cpp" />
		<Unit filename="AI/PathGeneration/PathSegment.h" />
		<Unit filename="AI/PathGeneration/Pathfinding.cpp" />
		<Unit filename="AI/PathGeneration/Pathfinding.h" />
		<Unit filename="AI/Pathfinding/DeadEndNode.cpp" />
		<Unit filename="AI/Pathfinding/DeadEndNode.h" />
		<Unit filename="AI/Pathfinding/JumpableNode.cpp" />
		<Unit filename="AI/Pathfinding/JumpableNode.h" />
		<Unit filename="AI/Pathfinding/Node.h" />
		<Unit filename="AI/Pathfinding/PathFollower.cpp" />
		<Unit filename="AI/Pathfinding/PathFollower.h" />
		<Unit filename="AI/Pathfinding/PathNode.cpp" />
		<Unit filename="AI/Pathfinding/PathNode.h" />
		<Unit filename="AI/Pathfinding/PathSurface.cpp" />
		<Unit filename="AI/Pathfinding/PathSurface.h" />
		<Unit filename="AI/Pathfinding/PathfindingAlgorithm.cpp" />
		<Unit filename="AI/Pathfinding/PathfindingAlgorithm.h" />
		<Unit filename="AI/Pathfinding/Paths.cpp" />
		<Unit filename="AI/Pathfinding/Paths.h" />
		<Unit filename="AI/Pathfinding/WalkableNode.cpp" />
		<Unit filename="AI/Pathfinding/WalkableNode.h" />
		<Unit filename="AI/PlayerInputBrain.cpp" />
		<Unit filename="AI/PlayerInputBrain.h" />
		<Unit filename="AI/ZombieBrain.cpp" />
		<Unit filename="AI/ZombieBrain.h" />
		<Unit filename="AbstractFactory/AbstractFactories.cpp" />
		<Unit filename="AbstractFactory/AbstractFactories.h" />
		<Unit filename="AbstractFactory/AbstractFactory.cpp" />
		<Unit filename="AbstractFactory/AbstractFactory.h" />
		<Unit filename="AbstractFactory/AbstractFactoryList.cpp" />
		<Unit filename="AbstractFactory/AbstractFactoryList.h" />
		<Unit filename="AbstractFactory/EvaluateTypeName" />
		<Unit filename="AbstractFactory/EvaluateTypeName.h" />
		<Unit filename="AbstractFactory/Factories/AIEntityFactory.cpp" />
		<Unit filename="AbstractFactory/Factories/AIEntityFactory.h" />
		<Unit filename="AbstractFactory/Factories/BubbleFactory.cpp" />
		<Unit filename="AbstractFactory/Factories/BubbleFactory.h" />
		<Unit filename="AbstractFactory/Factories/CrateFactory.cpp" />
		<Unit filename="AbstractFactory/Factories/CrateFactory.h" />
		<Unit filename="AbstractFactory/Factories/ExplosionFactory.cpp" />
		<Unit filename="AbstractFactory/Factories/ExplosionFactory.h" />
		<Unit filename="AbstractFactory/Factories/LevelGeometryFactory.cpp" />
		<Unit filename="AbstractFactory/Factories/LevelGeometryFactory.h" />
		<Unit filename="AbstractFactory/Factories/ParticleFactory.cpp" />
		<Unit filename="AbstractFactory/Factories/ParticleFactory.h" />
		<Unit filename="AbstractFactory/Factories/ProjectileFactory.cpp" />
		<Unit filename="AbstractFactory/Factories/ProjectileFactory.h" />
		<Unit filename="AbstractFactory/Factories/TileFactory.cpp" />
		<Unit filename="AbstractFactory/Factories/TileFactory.h" />
		<Unit filename="AbstractFactory/Factories/TileMapFactory.cpp" />
		<Unit filename="AbstractFactory/Factories/TileMapFactory.h" />
		<Unit filename="AbstractFactory/FactoryLoader.cpp" />
		<Unit filename="AbstractFactory/FactoryLoader.h" />
		<Unit filename="AbstractFactory/FactoryLoaders/CppFactoryLoader.cpp" />
		<Unit filename="AbstractFactory/FactoryLoaders/CppFactoryLoader.h" />
		<Unit filename="AbstractFactory/FactoryLoaders/TextFileFactoryLoader.cpp" />
		<Unit filename="AbstractFactory/FactoryLoaders/TextFileFactoryLoader.h" />
		<Unit filename="AbstractFactory/FactoryParameters.cpp" />
		<Unit filename="AbstractFactory/FactoryParameters.h" />
		<Unit filename="AbstractFactory/FactoryUsageCollection.cpp" />
		<Unit filename="AbstractFactory/FactoryUsageCollection.h" />
		<Unit filename="AbstractFactory/TypeTableFactoryType.cpp" />
		<Unit filename="AbstractFactory/TypeTableFactoryType.h" />
		<Unit filename="AbstractFactory/UntypedAbstractFactory.cpp" />
		<Unit filename="AbstractFactory/UntypedAbstractFactory.h" />
		<Unit filename="AbstractFactory/UntypedAbstractFactoryImplementation.cpp" />
		<Unit filename="AbstractFactory/UntypedAbstractFactoryImplementation.h" />
		<Unit filename="Entities/AIEntity.cpp" />
		<Unit filename="Entities/AIEntity.h" />
		<Unit filename="Entities/AllEntities.h" />
		<Unit filename="Entities/Bubble.cpp" />
		<Unit filename="Entities/Bubble.h" />
		<Unit filename="Entities/Bubbles/AllBubbles.h" />
		<Unit filename="Entities/Bubbles/SuctionBubble.cpp" />
		<Unit filename="Entities/Bubbles/SuctionBubble.h" />
		<Unit filename="Entities/Bubbles/UpwardsGravityBubble.cpp" />
		<Unit filename="Entities/Bubbles/UpwardsGravityBubble.h" />
		<Unit filename="Entities/Crate.cpp" />
		<Unit filename="Entities/Crate.h" />
		<Unit filename="Entities/Entity.cpp" />
		<Unit filename="Entities/Entity.h" />
		<Unit filename="Entities/Explosion.cpp" />
		<Unit filename="Entities/Explosion.h" />
		<Unit filename="Entities/PhysicsParticle.cpp" />
		<Unit filename="Entities/PhysicsParticle.h" />
		<Unit filename="Entities/Projectile.cpp" />
		<Unit filename="Entities/Projectile.h" />
		<Unit filename="Entities/StaticGeometry.cpp" />
		<Unit filename="Entities/StaticGeometry.h" />
		<Unit filename="Entities/Tile.cpp" />
		<Unit filename="Entities/Tile.h" />
		<Unit filename="Entities/TileMap.cpp" />
		<Unit filename="Entities/TileMap.h" />
		<Unit filename="Entities/Weapons/Weapon.cpp" />
		<Unit filename="Entities/Weapons/Weapon.h" />
		<Unit filename="Events/Event.cpp" />
		<Unit filename="Events/Event.h" />
		<Unit filename="Events/EventHandler.cpp" />
		<Unit filename="Events/EventHandler.h" />
		<Unit filename="Events/EventListener.cpp" />
		<Unit filename="Events/EventListener.h" />
		<Unit filename="Events/EventTypeRemover.cpp" />
		<Unit filename="Events/EventTypeRemover.h" />
		<Unit filename="Events/Events.cpp" />
		<Unit filename="Events/Events.h" />
		<Unit filename="Events/Events/EntityPlaceEvent.cpp" />
		<Unit filename="Events/Events/EntityPlaceEvent.h" />
		<Unit filename="Events/Events/EntityRemoveEvent.cpp" />
		<Unit filename="Events/Events/EntityRemoveEvent.h" />
		<Unit filename="Events/Events/EntitySelectEvent.cpp" />
		<Unit filename="Events/Events/EntitySelectEvent.h" />
		<Unit filename="Events/Events/FactoryCreateEvent.cpp" />
		<Unit filename="Events/Events/FactoryCreateEvent.h" />
		<Unit filename="Events/Events/FactoryGetEvent.cpp" />
		<Unit filename="Events/Events/FactoryGetEvent.h" />
		<Unit filename="Events/Events/FactoryInstanceUsageEvent.cpp" />
		<Unit filename="Events/Events/FactoryInstanceUsageEvent.h" />
		<Unit filename="Events/Events/FactoryTypeRegisterEvent.cpp" />
		<Unit filename="Events/Events/FactoryTypeRegisterEvent.h" />
		<Unit filename="Events/Events/FactoryTypeUsageEvent.cpp" />
		<Unit filename="Events/Events/FactoryTypeUsageEvent.h" />
		<Unit filename="Events/Events/FactoryUsageEvent.cpp" />
		<Unit filename="Events/Events/FactoryUsageEvent.h" />
		<Unit filename="Events/Events/ShowEntityEvent.cpp" />
		<Unit filename="Events/Events/ShowEntityEvent.h" />
		<Unit filename="Events/GenericEvent.cpp" />
		<Unit filename="Events/GenericEvent.h" />
		<Unit filename="Events/NamedEventHandler.cpp" />
		<Unit filename="Events/NamedEventHandler.h" />
		<Unit filename="Game.cpp" />
		<Unit filename="Game.h" />
		<Unit filename="GameModes/BubbleDrawEvent.cpp" />
		<Unit filename="GameModes/BubbleDrawEvent.h" />
		<Unit filename="GameModes/BubbleGame.cpp" />
		<Unit filename="GameModes/BubbleGame.h" />
		<Unit filename="GameModes/CarneGame.cpp" />
		<Unit filename="GameModes/CarneGame.h" />
		<Unit filename="GameModes/Editor/AllEditorModes.h" />
		<Unit filename="GameModes/Editor/DynamicEditor.cpp" />
		<Unit filename="GameModes/Editor/DynamicEditor.h" />
		<Unit filename="GameModes/Editor/DynamicEditor/AllDynamicEditorModes.h" />
		<Unit filename="GameModes/Editor/DynamicEditor/AllDynamicEditorVariableTypes.h" />
		<Unit filename="GameModes/Editor/DynamicEditor/BoxDragMode.cpp" />
		<Unit filename="GameModes/Editor/DynamicEditor/BoxDragMode.h" />
		<Unit filename="GameModes/Editor/DynamicEditor/ClickPlaceMode.cpp" />
		<Unit filename="GameModes/Editor/DynamicEditor/ClickPlaceMode.h" />
		<Unit filename="GameModes/Editor/DynamicEditor/ComponenObjectSelectionVariable.cpp" />
		<Unit filename="GameModes/Editor/DynamicEditor/ComponenObjectSelectionVariable.h" />
		<Unit filename="GameModes/Editor/DynamicEditor/DynamicEditorMode.cpp" />
		<Unit filename="GameModes/Editor/DynamicEditor/DynamicEditorMode.h" />
		<Unit filename="GameModes/Editor/DynamicEditor/DynamicEditorModeCreator.cpp" />
		<Unit filename="GameModes/Editor/DynamicEditor/DynamicEditorModeCreator.h" />
		<Unit filename="GameModes/Editor/DynamicEditor/DynamicEditorVariable.cpp" />
		<Unit filename="GameModes/Editor/DynamicEditor/DynamicEditorVariable.h" />
		<Unit filename="GameModes/Editor/DynamicEditor/EntityList.cpp" />
		<Unit filename="GameModes/Editor/DynamicEditor/EntityList.h" />
		<Unit filename="GameModes/Editor/DynamicEditor/EventScripter/ScriptAction.cpp" />
		<Unit filename="GameModes/Editor/DynamicEditor/EventScripter/ScriptAction.h" />
		<Unit filename="GameModes/Editor/DynamicEditor/PointGeometryMode.cpp" />
		<Unit filename="GameModes/Editor/DynamicEditor/PointGeometryMode.h" />
		<Unit filename="GameModes/Editor/DynamicEditor/TextEditBox.cpp" />
		<Unit filename="GameModes/Editor/DynamicEditor/TextEditBox.h" />
		<Unit filename="GameModes/Editor/EditorMode.cpp" />
		<Unit filename="GameModes/Editor/EditorMode.h" />
		<Unit filename="GameModes/Editor/EditorState.cpp" />
		<Unit filename="GameModes/Editor/EditorState.h" />
		<Unit filename="GameModes/Editor/EditorStateSwitcher.cpp" />
		<Unit filename="GameModes/Editor/EditorStateSwitcher.h" />
		<Unit filename="GameModes/Editor/EventScripter.cpp" />
		<Unit filename="GameModes/Editor/EventScripter.h" />
		<Unit filename="GameModes/Editor/EventScripter/ActionEventsList.cpp" />
		<Unit filename="GameModes/Editor/EventScripter/ActionEventsList.h" />
		<Unit filename="GameModes/Editor/EventScripter/Actions/AllScriptActions.h" />
		<Unit filename="GameModes/Editor/EventScripter/Actions/LogScriptAction.cpp" />
		<Unit filename="GameModes/Editor/EventScripter/Actions/LogScriptAction.h" />
		<Unit filename="GameModes/Editor/EventScripter/Events/AllScriptEvents.h" />
		<Unit filename="GameModes/Editor/EventScripter/Events/DeathScriptEvent.cpp" />
		<Unit filename="GameModes/Editor/EventScripter/Events/DeathScriptEvent.h" />
		<Unit filename="GameModes/Editor/EventScripter/Events/StandardScriptEvent.cpp" />
		<Unit filename="GameModes/Editor/EventScripter/Events/StandardScriptEvent.h" />
		<Unit filename="GameModes/Editor/EventScripter/ScriptEvent.cpp" />
		<Unit filename="GameModes/Editor/EventScripter/ScriptEvent.h" />
		<Unit filename="GameModes/Editor/EventScripter/ScriptEventsList.cpp" />
		<Unit filename="GameModes/Editor/EventScripter/ScriptEventsList.h" />
		<Unit filename="GameModes/Editor/GeometrySelector.cpp" />
		<Unit filename="GameModes/Editor/GeometrySelector.h" />
		<Unit filename="GameModes/Editor/JointEditor.cpp" />
		<Unit filename="GameModes/Editor/JointEditor.h" />
		<Unit filename="GameModes/Editor/Joints/AllJointEditors.h" />
		<Unit filename="GameModes/Editor/Joints/BaseJointEditor.cpp" />
		<Unit filename="GameModes/Editor/Joints/BaseJointEditor.h" />
		<Unit filename="GameModes/Editor/Joints/DistanceJointEditor.cpp" />
		<Unit filename="GameModes/Editor/Joints/DistanceJointEditor.h" />
		<Unit filename="GameModes/Editor/Undo/Entries/EntityCreateEntry.cpp" />
		<Unit filename="GameModes/Editor/Undo/Entries/EntityCreateEntry.h" />
		<Unit filename="GameModes/Editor/Undo/Entries/EntityDeleteEntry.cpp" />
		<Unit filename="GameModes/Editor/Undo/Entries/EntityDeleteEntry.h" />
		<Unit filename="GameModes/Editor/Undo/UndoEntry.cpp" />
		<Unit filename="GameModes/Editor/Undo/UndoEntry.h" />
		<Unit filename="GameModes/Editor/Undo/UndoResources.cpp" />
		<Unit filename="GameModes/Editor/Undo/UndoResources.h" />
		<Unit filename="GameModes/Editor/Undo/UndoStack.cpp" />
		<Unit filename="GameModes/Editor/Undo/UndoStack.h" />
		<Unit filename="GameModes/GameMode.cpp" />
		<Unit filename="GameModes/GameMode.h" />
		<Unit filename="GameModes/PlayMode.cpp" />
		<Unit filename="GameModes/PlayMode.h" />
		<Unit filename="GameModes/ShooterGame.cpp" />
		<Unit filename="GameModes/ShooterGame.h" />
		<Unit filename="Graphics/Camera/BodyCameraFactory.cpp" />
		<Unit filename="Graphics/Camera/BodyCameraFactory.h" />
		<Unit filename="Graphics/Camera/Camera.cpp" />
		<Unit filename="Graphics/Camera/Camera.h" />
		<Unit filename="Graphics/Camera/FreeCamera.cpp" />
		<Unit filename="Graphics/Camera/FreeCamera.h" />
		<Unit filename="Graphics/Camera/PhysicsCamera.cpp" />
		<Unit filename="Graphics/Camera/PhysicsCamera.h" />
		<Unit filename="Graphics/Contexts/GraphicalContext.cpp" />
		<Unit filename="Graphics/Contexts/GraphicalContext.h" />
		<Unit filename="Graphics/Contexts/MaterialContext.cpp" />
		<Unit filename="Graphics/Contexts/MaterialContext.h" />
		<Unit filename="Graphics/Contexts/ShaderContext.cpp" />
		<Unit filename="Graphics/Contexts/ShaderContext.h" />
		<Unit filename="Graphics/Contexts/StaticModelContext.cpp" />
		<Unit filename="Graphics/Contexts/StaticModelContext.h" />
		<Unit filename="Graphics/Contexts/TextureContext.cpp" />
		<Unit filename="Graphics/Contexts/TextureContext.h" />
		<Unit filename="Graphics/GraphicalContentManager.cpp" />
		<Unit filename="Graphics/GraphicalContentManager.h" />
		<Unit filename="Graphics/GraphicsManager.cpp" />
		<Unit filename="Graphics/GraphicsManager.h" />
		<Unit filename="Graphics/SkinFactory/BubbleSkinFactory.cpp" />
		<Unit filename="Graphics/SkinFactory/BubbleSkinFactory.h" />
		<Unit filename="Graphics/SkinFactory/ConvexPolygonSkinFactory.cpp" />
		<Unit filename="Graphics/SkinFactory/ConvexPolygonSkinFactory.h" />
		<Unit filename="Graphics/SkinFactory/StaticSkinFactory.cpp" />
		<Unit filename="Graphics/SkinFactory/StaticSkinFactory.h" />
		<Unit filename="Graphics/Skins/AllSkins.h" />
		<Unit filename="Graphics/Skins/BubbleSkin.cpp" />
		<Unit filename="Graphics/Skins/BubbleSkin.h" />
		<Unit filename="Graphics/Skins/ConvexPolygonSkin.cpp" />
		<Unit filename="Graphics/Skins/ConvexPolygonSkin.h" />
		<Unit filename="Graphics/Skins/Skin.cpp" />
		<Unit filename="Graphics/Skins/Skin.h" />
		<Unit filename="Graphics/Skins/StaticSkin.cpp" />
		<Unit filename="Graphics/Skins/StaticSkin.h" />
		<Unit filename="Graphics/Sprites/Sprite.cpp" />
		<Unit filename="Graphics/Sprites/Sprite.h" />
		<Unit filename="Graphics/Sprites/SpriteList.cpp" />
		<Unit filename="Graphics/Sprites/SpriteList.h" />
		<Unit filename="Input/EventListener.cpp" />
		<Unit filename="Input/EventListener.h" />
		<Unit filename="Input/InputManager.cpp" />
		<Unit filename="Input/InputManager.h" />
		<Unit filename="Input/Mouse/ClickDragEvent.cpp" />
		<Unit filename="Input/Mouse/ClickDragEvent.h" />
		<Unit filename="Input/Mouse/ClickNoEvent.cpp" />
		<Unit filename="Input/Mouse/ClickNoEvent.h" />
		<Unit filename="Input/Mouse/ClickReleaseEvent.cpp" />
		<Unit filename="Input/Mouse/ClickReleaseEvent.h" />
		<Unit filename="Input/Mouse/InputContext.cpp" />
		<Unit filename="Input/Mouse/InputContext.h" />
		<Unit filename="Level/Level.cpp" />
		<Unit filename="Level/Level.h" />
		<Unit filename="Level/LevelEntity.cpp" />
		<Unit filename="Level/LevelEntity.h" />
		<Unit filename="Level/LevelManager.cpp" />
		<Unit filename="Level/LevelManager.h" />
		<Unit filename="Level/ParallaxLayer.cpp" />
		<Unit filename="Level/ParallaxLayer.h" />
		<Unit filename="Level/ParallaxSprite.cpp" />
		<Unit filename="Level/ParallaxSprite.h" />
		<Unit filename="Log/GameConsole.cpp" />
		<Unit filename="Log/GameConsole.h" />
		<Unit filename="Log/Log.cpp" />
		<Unit filename="Log/Log.h" />
		<Unit filename="Log/Logger.cpp" />
		<Unit filename="Log/Logger.h" />
		<Unit filename="Log/UninitialisedLogger.cpp" />
		<Unit filename="Log/UninitialisedLogger.h" />
		<Unit filename="Physics/CollisionHandlers/AIEntityProjectileCollisionHandler.cpp" />
		<Unit filename="Physics/CollisionHandlers/AIEntityProjectileCollisionHandler.h" />
		<Unit filename="Physics/CollisionHandlers/AllCollisionHandlers.h" />
		<Unit filename="Physics/CollisionHandlers/CollisionHandler.cpp" />
		<Unit filename="Physics/CollisionHandlers/CollisionHandler.h" />
		<Unit filename="Physics/CollisionHandlers/NoResponseHandler.cpp" />
		<Unit filename="Physics/CollisionHandlers/NoResponseHandler.h" />
		<Unit filename="Physics/CollisionHandlers/StaticGeometryAIEntityCollisionHandler.cpp" />
		<Unit filename="Physics/CollisionHandlers/StaticGeometryAIEntityCollisionHandler.h" />
		<Unit filename="Physics/CollisionHandlers/WildcardProjectileCollisionHandler.cpp" />
		<Unit filename="Physics/CollisionHandlers/WildcardProjectileCollisionHandler.h" />
		<Unit filename="Physics/ContactListener.cpp" />
		<Unit filename="Physics/ContactListener.h" />
		<Unit filename="Physics/DebugDraw.cpp" />
		<Unit filename="Physics/DebugDraw.h" />
		<Unit filename="Physics/Factories/CharacterBodyFactory.cpp" />
		<Unit filename="Physics/Factories/CharacterBodyFactory.h" />
		<Unit filename="Physics/PhysicsManager.cpp" />
		<Unit filename="Physics/PhysicsManager.h" />
		<Unit filename="Physics/RenderCallback.cpp" />
		<Unit filename="Physics/RenderCallback.h" />
		<Unit filename="Resources/CEGUI/layouts/DistanceJoints.layout" />
		<Unit filename="Resources/CEGUI/layouts/DynamicEditor.layout" />
		<Unit filename="Resources/CEGUI/layouts/EditBox.layout" />
		<Unit filename="Resources/CEGUI/layouts/EditMode.layout" />
		<Unit filename="Resources/CEGUI/layouts/EditorRoot.layout" />
		<Unit filename="Resources/CEGUI/layouts/GeometrySelector.layout" />
		<Unit filename="Resources/CEGUI/layouts/JointEditor.layout" />
		<Unit filename="Resources/CEGUI/layouts/Root.layout" />
		<Unit filename="Resources/CEGUI/layouts/TestPlay.layout" />
		<Unit filename="Resources/CEGUI/looknfeel/TaharezLook.looknfeel" />
		<Unit filename="SharedContent/ContentManager.cpp" />
		<Unit filename="SharedContent/ContentManager.h" />
		<Unit filename="SharedContent/SharedContent.cpp" />
		<Unit filename="SharedContent/SharedContent.h" />
		<Unit filename="SharedContent/WeaponContent.cpp" />
		<Unit filename="SharedContent/WeaponContent.h" />
		<Unit filename="Sound/NullSoundManager.cpp" />
		<Unit filename="Sound/NullSoundManager.h" />
		<Unit filename="Sound/SDLSoundManager.cpp" />
		<Unit filename="Sound/SDLSoundManager.h" />
		<Unit filename="Sound/SoundAction.cpp" />
		<Unit filename="Sound/SoundAction.h" />
		<Unit filename="Sound/SoundInstance.cpp" />
		<Unit filename="Sound/SoundInstance.h" />
		<Unit filename="Sound/SoundInstances/ChimePlayer.cpp" />
		<Unit filename="Sound/SoundInstances/ChimePlayer.h" />
		<Unit filename="Sound/SoundManager.cpp" />
		<Unit filename="Sound/SoundManager.h" />
		<Unit filename="Sound/SoundPlayer.cpp" />
		<Unit filename="Sound/SoundPlayer.h" />
		<Unit filename="Sound/SoundPlayers/StreamInstance.cpp" />
		<Unit filename="Sound/SoundPlayers/StreamInstance.h" />
		<Unit filename="Sound/SoundPlayers/StreamPlayer.cpp" />
		<Unit filename="Sound/SoundPlayers/StreamPlayer.h" />
		<Unit filename="Sound/SoundPlayers/TemplateSoundPlayer.cpp" />
		<Unit filename="Sound/SoundPlayers/TemplateSoundPlayer.h" />
		<Unit filename="Sound/StaticSoundManager.cpp" />
		<Unit filename="Sound/StaticSoundManager.h" />
		<Unit filename="Timer.cpp" />
		<Unit filename="Timer.h" />
		<Unit filename="Types/Doubles.h" />
		<Unit filename="Types/FastVector.h" />
		<Unit filename="Types/List.h" />
		<Unit filename="Types/Mat3x3f.cpp" />
		<Unit filename="Types/Mat3x3f.h" />
		<Unit filename="Types/Mat4x4f.cpp" />
		<Unit filename="Types/Mat4x4f.h" />
		<Unit filename="Types/MyQueue.h" />
		<Unit filename="Types/MyStack.h" />
		<Unit filename="Types/MyVector.h" />
		<Unit filename="Types/PropertyBag.cpp" />
		<Unit filename="Types/PropertyBag.h" />
		<Unit filename="Types/PropertyBagSerializer.cpp" />
		<Unit filename="Types/PropertyBagSerializer.h" />
		<Unit filename="Types/SerializationTypes.cpp" />
		<Unit filename="Types/SerializationTypes.h" />
		<Unit filename="Types/TextFilePropertyBagSerializer.cpp" />
		<Unit filename="Types/TextFilePropertyBagSerializer.h" />
		<Unit filename="Types/Traversable.cpp" />
		<Unit filename="Types/Traversable.h" />
		<Unit filename="Types/TypeTable.cpp" />
		<Unit filename="Types/TypeTable.h" />
		<Unit filename="Types/Vec2f.cpp" />
		<Unit filename="Types/Vec2f.h" />
		<Unit filename="Types/Vec2i.cpp" />
		<Unit filename="Types/Vec2i.h" />
		<Unit filename="Types/Vec3f.cpp" />
		<Unit filename="Types/Vec3f.h" />
		<Unit filename="UI/BarDisplay.cpp" />
		<Unit filename="UI/BarDisplay.h" />
		<Unit filename="UI/BeatDisplay.cpp" />
		<Unit filename="UI/BeatDisplay.h" />
		<Unit filename="UI/ItemList.cpp" />
		<Unit filename="UI/ItemList.h" />
		<Unit filename="main.cpp" />
		<Extensions>
			<code_completion />
			<envvars />
			<debugger />
			<lib_finder disable_auto="1" />
		</Extensions>
	</Project>
</CodeBlocks_project_file>
